
Microsoft Visual Studio Solution File, Format Version 12.00
# Visual Studio Version 16
VisualStudioVersion = 16.0.29102.190
MinimumVisualStudioVersion = 10.0.40219.1
Project("{FAE04EC0-301F-11D3-BF4B-00C04F79EFBC}") = "estoque caseiro", "estoque caseiro\estoque caseiro.csproj", "{2D4239CA-DB3A-49D3-966F-7717086CC386}"
EndProject
Global
	GlobalSection(SolutionConfigurationPlatforms) = preSolution
		Debug|Any CPU = Debug|Any CPU
		Release|Any CPU = Release|Any CPU
	EndGlobalSection
	GlobalSection(ProjectConfigurationPlatforms) = postSolution
		{2D4239CA-DB3A-49D3-966F-7717086CC386}.Debug|Any CPU.ActiveCfg = Debug|Any CPU
		{2D4239CA-DB3A-49D3-966F-7717086CC386}.Debug|Any CPU.Build.0 = Debug|Any CPU
		{2D4239CA-DB3A-49D3-966F-7717086CC386}.Release|Any CPU.ActiveCfg = Release|Any CPU
		{2D4239CA-DB3A-49D3-966F-7717086CC386}.Release|Any CPU.Build.0 = Release|Any CPU
	EndGlobalSection
	GlobalSection(SolutionProperties) = preSolution
		HideSolutionNode = FALSE
	EndGlobalSection
	GlobalSection(ExtensibilityGlobals) = postSolution
		SolutionGuid = {A0402321-B4AB-4F6D-9AAD-F9806B5FA005}
	EndGlobalSection
EndGlobal
